
Microsoft Visual Studio Solution File, Format Version 12.00
# Visual Studio Version 17
VisualStudioVersion = 17.1.32210.238
MinimumVisualStudioVersion = 10.0.40219.1
Project("{FAE04EC0-301F-11D3-BF4B-00C04F79EFBC}") = "ClassMetotDemo", "ClassMetotDemo\ClassMetotDemo.csproj", "{A6D50AD5-9C6B-4DD6-96A8-C5660AF8C9B2}"
EndProject
Global
	GlobalSection(SolutionConfigurationPlatforms) = preSolution
		Debug|Any CPU = Debug|Any CPU
		Release|Any CPU = Release|Any CPU
	EndGlobalSection
	GlobalSection(ProjectConfigurationPlatforms) = postSolution
		{A6D50AD5-9C6B-4DD6-96A8-C5660AF8C9B2}.Debug|Any CPU.ActiveCfg = Debug|Any CPU
		{A6D50AD5-9C6B-4DD6-96A8-C5660AF8C9B2}.Debug|Any CPU.Build.0 = Debug|Any CPU
		{A6D50AD5-9C6B-4DD6-96A8-C5660AF8C9B2}.Release|Any CPU.ActiveCfg = Release|Any CPU
		{A6D50AD5-9C6B-4DD6-96A8-C5660AF8C9B2}.Release|Any CPU.Build.0 = Release|Any CPU
	EndGlobalSection
	GlobalSection(SolutionProperties) = preSolution
		HideSolutionNode = FALSE
	EndGlobalSection
	GlobalSection(ExtensibilityGlobals) = postSolution
		SolutionGuid = {5EB4736D-696D-44A1-A97B-A9AD0F99B2D2}
	EndGlobalSection
EndGlobal
